# THIS IS AN AUTOGENERATED FILE. DO NOT EDIT THIS FILE DIRECTLY.
# yarn lockfile v1


"@kwsites/file-exists@^1.1.1":
  version "1.1.1"
  resolved "https://registry.yarnpkg.com/@kwsites/file-exists/-/file-exists-1.1.1.tgz#ad1efcac13e1987d8dbaf235ef3be5b0d96faa99"
  integrity sha512-m9/5YGR18lIwxSFDwfE3oA7bWuq9kdau6ugN4H2rJeyhFQZcG9AgSHkQtSD15a8WvTgfz9aikZMrKPHvbpqFiw==
  dependencies:
    debug "^4.1.1"

"@kwsites/promise-deferred@^1.1.1":
  version "1.1.1"
  resolved "https://registry.yarnpkg.com/@kwsites/promise-deferred/-/promise-deferred-1.1.1.tgz#8ace5259254426ccef57f3175bc64ed7095ed919"
  integrity sha512-GaHYm+c0O9MjZRu0ongGBRbinu8gVAMd2UZjji6jVmqKtZluZnptXGWhz1E8j8D2HJ3f/yMxKAUC0b+57wncIw==

accepts@1.3.3:
  version "1.3.3"
  resolved "https://registry.yarnpkg.com/accepts/-/accepts-1.3.3.tgz#c3ca7434938648c3e0d9c1e328dd68b622c284ca"
  integrity sha1-w8p0NJOGSMPg2cHjKN1otiLChMo=
  dependencies:
    mime-types "~2.1.11"
    negotiator "0.6.1"

accepts@~1.2.12:
  version "1.2.13"
  resolved "https://registry.yarnpkg.com/accepts/-/accepts-1.2.13.tgz#e5f1f3928c6d95fd96558c36ec3d9d0de4a6ecea"
  integrity sha1-5fHzkoxtlf2WVYw27D2dDeSm7Oo=
  dependencies:
    mime-types "~2.1.6"
    negotiator "0.5.3"

addressparser@~1.0.1:
  version "1.0.1"
  resolved "https://registry.yarnpkg.com/addressparser/-/addressparser-1.0.1.tgz#47afbe1a2a9262191db6838e4fd1d39b40821746"
  integrity sha1-R6++GiqSYhkdtoOOT9HTm0CCF0Y=

after@0.8.2:
  version "0.8.2"
  resolved "https://registry.yarnpkg.com/after/-/after-0.8.2.tgz#fedb394f9f0e02aa9768e702bda23b505fae7e1f"
  integrity sha1-/ts5T58OAqqXaOcCvaI7UF+ufh8=

array-flatten@1.1.1:
  version "1.1.1"
  resolved "https://registry.yarnpkg.com/array-flatten/-/array-flatten-1.1.1.tgz#9a5f699051b1e7073328f2a008968b64ea2955d2"
  integrity sha1-ml9pkFGx5wczKPKgCJaLZOopVdI=

arraybuffer.slice@0.0.6:
  version "0.0.6"
  resolved "https://registry.yarnpkg.com/arraybuffer.slice/-/arraybuffer.slice-0.0.6.tgz#f33b2159f0532a3f3107a272c0ccfbd1ad2979ca"
  integrity sha1-8zshWfBTKj8xB6JywMz70a0peco=

async@1.5.1:
  version "1.5.1"
  resolved "https://registry.yarnpkg.com/async/-/async-1.5.1.tgz#b05714f4b11b357bf79adaffdd06da42d0766c10"
  integrity sha1-sFcU9LEbNXv3mtr/3QbaQtB2bBA=

backo2@1.0.2:
  version "1.0.2"
  resolved "https://registry.yarnpkg.com/backo2/-/backo2-1.0.2.tgz#31ab1ac8b129363463e35b3ebb69f4dfcfba7947"
  integrity sha1-MasayLEpNjRj41s+u2n038+6eUc=

balanced-match@^1.0.0:
  version "1.0.0"
  resolved "https://registry.yarnpkg.com/balanced-match/-/balanced-match-1.0.0.tgz#89b4d199ab2bee49de164ea02b89ce462d71b767"
  integrity sha1-ibTRmasr7kneFk6gK4nORi1xt2c=

base64-arraybuffer@0.1.5:
  version "0.1.5"
  resolved "https://registry.yarnpkg.com/base64-arraybuffer/-/base64-arraybuffer-0.1.5.tgz#73926771923b5a19747ad666aa5cd4bf9c6e9ce8"
  integrity sha1-c5JncZI7Whl0etZmqlzUv5xunOg=

base64id@1.0.0:
  version "1.0.0"
  resolved "https://registry.yarnpkg.com/base64id/-/base64id-1.0.0.tgz#47688cb99bb6804f0e06d3e763b1c32e57d8e6b6"
  integrity sha1-R2iMuZu2gE8OBtPnY7HDLlfY5rY=

better-assert@~1.0.0:
  version "1.0.2"
  resolved "https://registry.yarnpkg.com/better-assert/-/better-assert-1.0.2.tgz#40866b9e1b9e0b55b481894311e68faffaebc522"
  integrity sha1-QIZrnhueC1W0gYlDEeaPr/rrxSI=
  dependencies:
    callsite "1.0.0"

big-integer@^1.6.17:
  version "1.6.43"
  resolved "https://registry.yarnpkg.com/big-integer/-/big-integer-1.6.43.tgz#8ac15bf13e93e509500859061233e19d8d0d99d1"
  integrity sha512-9dULc9jsKmXl0Aeunug8wbF+58n+hQoFjqClN7WeZwGLh0XJUWyJJ9Ee+Ep+Ql/J9fRsTVaeThp8MhiCCrY0Jg==

binary@~0.3.0:
  version "0.3.0"
  resolved "https://registry.yarnpkg.com/binary/-/binary-0.3.0.tgz#9f60553bc5ce8c3386f3b553cff47462adecaa79"
  integrity sha1-n2BVO8XOjDOG87VTz/R0Yq3sqnk=
  dependencies:
    buffers "~0.1.1"
    chainsaw "~0.1.0"

blob@0.0.4:
  version "0.0.4"
  resolved "https://registry.yarnpkg.com/blob/-/blob-0.0.4.tgz#bcf13052ca54463f30f9fc7e95b9a47630a94921"
  integrity sha1-vPEwUspURj8w+fx+lbmkdjCpSSE=

bluebird@~3.4.1:
  version "3.4.7"
  resolved "https://registry.yarnpkg.com/bluebird/-/bluebird-3.4.7.tgz#f72d760be09b7f76d08ed8fae98b289a8d05fab3"
  integrity sha1-9y12C+Cbf3bQjtj66Ysomo0F+rM=

brace-expansion@^1.1.7:
  version "1.1.11"
  resolved "https://registry.yarnpkg.com/brace-expansion/-/brace-expansion-1.1.11.tgz#3c7fcbf529d87226f3d2f52b966ff5271eb441dd"
  integrity sha512-iCuPHDFgrHX7H2vEI/5xpz07zSHB00TpugqhmYtVmMO6518mCuRMoOYFldEBl0g187ufozdaHgWKcYFb61qGiA==
  dependencies:
    balanced-match "^1.0.0"
    concat-map "0.0.1"

buffer-indexof-polyfill@~1.0.0:
  version "1.0.1"
  resolved "https://registry.yarnpkg.com/buffer-indexof-polyfill/-/buffer-indexof-polyfill-1.0.1.tgz#a9fb806ce8145d5428510ce72f278bb363a638bf"
  integrity sha1-qfuAbOgUXVQoUQznLyeLs2OmOL8=

buffers@~0.1.1:
  version "0.1.1"
  resolved "https://registry.yarnpkg.com/buffers/-/buffers-0.1.1.tgz#b24579c3bed4d6d396aeee6d9a8ae7f5482ab7bb"
  integrity sha1-skV5w77U1tOWru5tmorn9Ugqt7s=

callsite@1.0.0:
  version "1.0.0"
  resolved "https://registry.yarnpkg.com/callsite/-/callsite-1.0.0.tgz#280398e5d664bd74038b6f0905153e6e8af1bc20"
  integrity sha1-KAOY5dZkvXQDi28JBRU+borxvCA=

chainsaw@~0.1.0:
  version "0.1.0"
  resolved "https://registry.yarnpkg.com/chainsaw/-/chainsaw-0.1.0.tgz#5eab50b28afe58074d0d58291388828b5e5fbc98"
  integrity sha1-XqtQsor+WAdNDVgpE4iCi15fvJg=
  dependencies:
    traverse ">=0.3.0 <0.4"

commander@2.9.0:
  version "2.9.0"
  resolved "https://registry.yarnpkg.com/commander/-/commander-2.9.0.tgz#9c99094176e12240cb22d6c5146098400fe0f7d4"
  integrity sha1-nJkJQXbhIkDLItbFFGCYQA/g99Q=
  dependencies:
    graceful-readlink ">= 1.0.0"

component-bind@1.0.0:
  version "1.0.0"
  resolved "https://registry.yarnpkg.com/component-bind/-/component-bind-1.0.0.tgz#00c608ab7dcd93897c0009651b1d3a8e1e73bbd1"
  integrity sha1-AMYIq33Nk4l8AAllGx06jh5zu9E=

component-emitter@1.1.2:
  version "1.1.2"
  resolved "https://registry.yarnpkg.com/component-emitter/-/component-emitter-1.1.2.tgz#296594f2753daa63996d2af08d15a95116c9aec3"
  integrity sha1-KWWU8nU9qmOZbSrwjRWpURbJrsM=

component-emitter@1.2.1:
  version "1.2.1"
  resolved "https://registry.yarnpkg.com/component-emitter/-/component-emitter-1.2.1.tgz#137918d6d78283f7df7a6b7c5a63e140e69425e6"
  integrity sha1-E3kY1teCg/ffemt8WmPhQOaUJeY=

component-inherit@0.0.3:
  version "0.0.3"
  resolved "https://registry.yarnpkg.com/component-inherit/-/component-inherit-0.0.3.tgz#645fc4adf58b72b649d5cae65135619db26ff143"
  integrity sha1-ZF/ErfWLcrZJ1crmUTVhnbJv8UM=

concat-map@0.0.1:
  version "0.0.1"
  resolved "https://registry.yarnpkg.com/concat-map/-/concat-map-0.0.1.tgz#d8a96bd77fd68df7793a73036a3ba0d5405d477b"
  integrity sha1-2Klr13/Wjfd5OnMDajug1UBdR3s=

content-disposition@0.5.1:
  version "0.5.1"
  resolved "https://registry.yarnpkg.com/content-disposition/-/content-disposition-0.5.1.tgz#87476c6a67c8daa87e32e87616df883ba7fb071b"
  integrity sha1-h0dsamfI2qh+Muh2Ft+IO6f7Bxs=

content-type@~1.0.1:
  version "1.0.4"
  resolved "https://registry.yarnpkg.com/content-type/-/content-type-1.0.4.tgz#e138cc75e040c727b1966fe5e5f8c9aee256fe3b"
  integrity sha512-hIP3EEPs8tB9AT1L+NUqtwOAps4mk2Zob89MWXMHjHWg9milF/j4osnnQLXBCBFBk/tvIG/tUc9mOUJiPBhPXA==

cookie-signature@1.0.6:
  version "1.0.6"
  resolved "https://registry.yarnpkg.com/cookie-signature/-/cookie-signature-1.0.6.tgz#e303a882b342cc3ee8ca513a79999734dab3ae2c"
  integrity sha1-4wOogrNCzD7oylE6eZmXNNqzriw=

cookie@0.1.5:
  version "0.1.5"
  resolved "https://registry.yarnpkg.com/cookie/-/cookie-0.1.5.tgz#6ab9948a4b1ae21952cd2588530a4722d4044d7c"
  integrity sha1-armUiksa4hlSzSWIUwpHItQETXw=

cookie@0.3.1:
  version "0.3.1"
  resolved "https://registry.yarnpkg.com/cookie/-/cookie-0.3.1.tgz#e7e0a1f9ef43b4c8ba925c5c5a96e806d16873bb"
  integrity sha1-5+Ch+e9DtMi6klxcWpboBtFoc7s=

core-util-is@~1.0.0:
  version "1.0.2"
  resolved "https://registry.yarnpkg.com/core-util-is/-/core-util-is-1.0.2.tgz#b5fd54220aa2bc5ab57aab7140c940754503c1a7"
  integrity sha1-tf1UIgqivFq1eqtxQMlAdUUDwac=

debug@2.2.0, debug@~2.2.0:
  version "2.2.0"
  resolved "https://registry.yarnpkg.com/debug/-/debug-2.2.0.tgz#f87057e995b1a1f6ae6a4960664137bc56f039da"
  integrity sha1-+HBX6ZWxofauaklgZkE3vFbwOdo=
  dependencies:
    ms "0.7.1"

debug@2.3.3:
  version "2.3.3"
  resolved "https://registry.yarnpkg.com/debug/-/debug-2.3.3.tgz#40c453e67e6e13c901ddec317af8986cda9eff8c"
  integrity sha1-QMRT5n5uE8kB3ewxeviYbNqe/4w=
  dependencies:
    ms "0.7.2"

debug@^4.1.1, debug@^4.3.3:
  version "4.3.4"
  resolved "https://registry.yarnpkg.com/debug/-/debug-4.3.4.tgz#1319f6579357f2338d3337d2cdd4914bb5dcc865"
  integrity sha512-PRWFHuSU3eDtQJPvnNY7Jcket1j0t5OuOsFzPPzsekD52Zl8qUfFIPEiswXqIvHWGVHOgX+7G/vCNNhehwxfkQ==
  dependencies:
    ms "2.1.2"

depd@~1.1.0:
  version "1.1.2"
  resolved "https://registry.yarnpkg.com/depd/-/depd-1.1.2.tgz#9bcd52e14c097763e749b274c4346ed2e560b5a9"
  integrity sha1-m81S4UwJd2PnSbJ0xDRu0uVgtak=

destroy@~1.0.4:
  version "1.0.4"
  resolved "https://registry.yarnpkg.com/destroy/-/destroy-1.0.4.tgz#978857442c44749e4206613e37946205826abd80"
  integrity sha1-l4hXRCxEdJ5CBmE+N5RiBYJqvYA=

detect-indent@^5.0.0:
  version "5.0.0"
  resolved "https://registry.yarnpkg.com/detect-indent/-/detect-indent-5.0.0.tgz#3871cc0a6a002e8c3e5b3cf7f336264675f06b9d"
  integrity sha1-OHHMCmoALow+Wzz38zYmRnXwa50=

duplexer2@~0.1.4:
  version "0.1.4"
  resolved "https://registry.yarnpkg.com/duplexer2/-/duplexer2-0.1.4.tgz#8b12dab878c0d69e3e7891051662a32fc6bddcc1"
  integrity sha1-ixLauHjA1p4+eJEFFmKjL8a93ME=
  dependencies:
    readable-stream "^2.0.2"

ee-first@1.1.1:
  version "1.1.1"
  resolved "https://registry.yarnpkg.com/ee-first/-/ee-first-1.1.1.tgz#590c61156b0ae2f4f0255732a158b266bc56b21d"
  integrity sha1-WQxhFWsK4vTwJVcyoViyZrxWsh0=

encoding@^0.1.12, encoding@~0.1.12:
  version "0.1.12"
  resolved "https://registry.yarnpkg.com/encoding/-/encoding-0.1.12.tgz#538b66f3ee62cd1ab51ec323829d1f9480c74beb"
  integrity sha1-U4tm8+5izRq1HsMjgp0flIDHS+s=
  dependencies:
    iconv-lite "~0.4.13"

engine.io-client@1.8.3:
  version "1.8.3"
  resolved "https://registry.yarnpkg.com/engine.io-client/-/engine.io-client-1.8.3.tgz#1798ed93451246453d4c6f635d7a201fe940d5ab"
  integrity sha1-F5jtk0USRkU9TG9jXXogH+lA1as=
  dependencies:
    component-emitter "1.2.1"
    component-inherit "0.0.3"
    debug "2.3.3"
    engine.io-parser "1.3.2"
    has-cors "1.1.0"
    indexof "0.0.1"
    parsejson "0.0.3"
    parseqs "0.0.5"
    parseuri "0.0.5"
    ws "1.1.2"
    xmlhttprequest-ssl "1.5.3"
    yeast "0.1.2"

engine.io-parser@1.3.2:
  version "1.3.2"
  resolved "https://registry.yarnpkg.com/engine.io-parser/-/engine.io-parser-1.3.2.tgz#937b079f0007d0893ec56d46cb220b8cb435220a"
  integrity sha1-k3sHnwAH0Ik+xW1GyyILjLQ1Igo=
  dependencies:
    after "0.8.2"
    arraybuffer.slice "0.0.6"
    base64-arraybuffer "0.1.5"
    blob "0.0.4"
    has-binary "0.1.7"
    wtf-8 "1.0.0"

engine.io@1.8.3:
  version "1.8.3"
  resolved "https://registry.yarnpkg.com/engine.io/-/engine.io-1.8.3.tgz#8de7f97895d20d39b85f88eeee777b2bd42b13d4"
  integrity sha1-jef5eJXSDTm4X4ju7nd7K9QrE9Q=
  dependencies:
    accepts "1.3.3"
    base64id "1.0.0"
    cookie "0.3.1"
    debug "2.3.3"
    engine.io-parser "1.3.2"
    ws "1.1.2"

error-ex@^1.3.1:
  version "1.3.2"
  resolved "https://registry.yarnpkg.com/error-ex/-/error-ex-1.3.2.tgz#b4ac40648107fdcdcfae242f428bea8a14d4f1bf"
  integrity sha512-7dFHNmqeFSEt2ZBsCriorKnn3Z2pj+fd9kmI6QoWw4//DL+icEBfc0U7qJCisqrTsKTjw4fNFy2pW9OqStD84g==
  dependencies:
    is-arrayish "^0.2.1"

escape-html@~1.0.3:
  version "1.0.3"
  resolved "https://registry.yarnpkg.com/escape-html/-/escape-html-1.0.3.tgz#0258eae4d3d0c0974de1c169188ef0051d1d1988"
  integrity sha1-Aljq5NPQwJdN4cFpGI7wBR0dGYg=

escape-string-regexp@~1.0.5:
  version "1.0.5"
  resolved "https://registry.yarnpkg.com/escape-string-regexp/-/escape-string-regexp-1.0.5.tgz#1b61c0562190a8dff6ae3bb2cf0200ca130b86d4"
  integrity sha1-G2HAViGQqN/2rjuyzwIAyhMLhtQ=

etag@~1.7.0:
  version "1.7.0"
  resolved "https://registry.yarnpkg.com/etag/-/etag-1.7.0.tgz#03d30b5f67dd6e632d2945d30d6652731a34d5d8"
  integrity sha1-A9MLX2fdbmMtKUXTDWZScxo01dg=

express@4.13.4:
  version "4.13.4"
  resolved "https://registry.yarnpkg.com/express/-/express-4.13.4.tgz#3c0b76f3c77590c8345739061ec0bd3ba067ec24"
  integrity sha1-PAt288d1kMg0VzkGHsC9O6Bn7CQ=
  dependencies:
    accepts "~1.2.12"
    array-flatten "1.1.1"
    content-disposition "0.5.1"
    content-type "~1.0.1"
    cookie "0.1.5"
    cookie-signature "1.0.6"
    debug "~2.2.0"
    depd "~1.1.0"
    escape-html "~1.0.3"
    etag "~1.7.0"
    finalhandler "0.4.1"
    fresh "0.3.0"
    merge-descriptors "1.0.1"
    methods "~1.1.2"
    on-finished "~2.3.0"
    parseurl "~1.3.1"
    path-to-regexp "0.1.7"
    proxy-addr "~1.0.10"
    qs "4.0.0"
    range-parser "~1.0.3"
    send "0.13.1"
    serve-static "~1.10.2"
    type-is "~1.6.6"
    utils-merge "1.0.0"
    vary "~1.0.1"

extend@~3.0.0:
  version "3.0.2"
  resolved "https://registry.yarnpkg.com/extend/-/extend-3.0.2.tgz#f8b1136b4071fbd8eb140aff858b1019ec2915fa"
  integrity sha512-fjquC59cD7CyW6urNXK0FBufkZcoiGG80wTuPujX590cB5Ttln20E2UB4S/WARVqhXffZl2LNgS+gQdPIIim/g==

finalhandler@0.4.1:
  version "0.4.1"
  resolved "https://registry.yarnpkg.com/finalhandler/-/finalhandler-0.4.1.tgz#85a17c6c59a94717d262d61230d4b0ebe3d4a14d"
  integrity sha1-haF8bFmpRxfSYtYSMNSw6+PUoU0=
  dependencies:
    debug "~2.2.0"
    escape-html "~1.0.3"
    on-finished "~2.3.0"
    unpipe "~1.0.0"

forwarded@~0.1.0:
  version "0.1.2"
  resolved "https://registry.yarnpkg.com/forwarded/-/forwarded-0.1.2.tgz#98c23dab1175657b8c0573e8ceccd91b0ff18c84"
  integrity sha1-mMI9qxF1ZXuMBXPozszZGw/xjIQ=

fresh@0.3.0:
  version "0.3.0"
  resolved "https://registry.yarnpkg.com/fresh/-/fresh-0.3.0.tgz#651f838e22424e7566de161d8358caa199f83d4f"
  integrity sha1-ZR+DjiJCTnVm3hYdg1jKoZn4PU8=

fs.realpath@^1.0.0:
  version "1.0.0"
  resolved "https://registry.yarnpkg.com/fs.realpath/-/fs.realpath-1.0.0.tgz#1504ad2523158caa40db4a2787cb01411994ea4f"
  integrity sha1-FQStJSMVjKpA20onh8sBQRmU6k8=

fstream@~1.0.10:
  version "1.0.11"
  resolved "https://registry.yarnpkg.com/fstream/-/fstream-1.0.11.tgz#5c1fb1f117477114f0632a0eb4b71b3cb0fd3171"
  integrity sha1-XB+x8RdHcRTwYyoOtLcbPLD9MXE=
  dependencies:
    graceful-fs "^4.1.2"
    inherits "~2.0.0"
    mkdirp ">=0.5 0"
    rimraf "2"

glob@^7.1.3:
  version "7.1.3"
  resolved "https://registry.yarnpkg.com/glob/-/glob-7.1.3.tgz#3960832d3f1574108342dafd3a67b332c0969df1"
  integrity sha512-vcfuiIxogLV4DlGBHIUOwI0IbrJ8HWPc4MU7HzviGeNho/UJDfi6B5p3sHeWIQ0KGIU0Jpxi5ZHxemQfLkkAwQ==
  dependencies:
    fs.realpath "^1.0.0"
    inflight "^1.0.4"
    inherits "2"
    minimatch "^3.0.4"
    once "^1.3.0"
    path-is-absolute "^1.0.0"

graceful-fs@^4.1.11, graceful-fs@^4.1.2:
  version "4.1.15"
  resolved "https://registry.yarnpkg.com/graceful-fs/-/graceful-fs-4.1.15.tgz#ffb703e1066e8a0eeaa4c8b80ba9253eeefbfb00"
  integrity sha512-6uHUhOPEBgQ24HM+r6b/QwWfZq+yiFcipKFrOFiBEnWdy5sdzYoi+pJeQaPI5qOLRFqWmAXUPQNsielzdLoecA==

"graceful-readlink@>= 1.0.0":
  version "1.0.1"
  resolved "https://registry.yarnpkg.com/graceful-readlink/-/graceful-readlink-1.0.1.tgz#4cafad76bc62f02fa039b2f94e9a3dd3a391a725"
  integrity sha1-TK+tdrxi8C+gObL5Tpo906ORpyU=

has-binary@0.1.7:
  version "0.1.7"
  resolved "https://registry.yarnpkg.com/has-binary/-/has-binary-0.1.7.tgz#68e61eb16210c9545a0a5cce06a873912fe1e68c"
  integrity sha1-aOYesWIQyVRaClzOBqhzkS/h5ow=
  dependencies:
    isarray "0.0.1"

has-cors@1.1.0:
  version "1.1.0"
  resolved "https://registry.yarnpkg.com/has-cors/-/has-cors-1.1.0.tgz#5e474793f7ea9843d1bb99c23eef49ff126fff39"
  integrity sha1-XkdHk/fqmEPRu5nCPu9J/xJv/zk=

http-errors@~1.3.1:
  version "1.3.1"
  resolved "https://registry.yarnpkg.com/http-errors/-/http-errors-1.3.1.tgz#197e22cdebd4198585e8694ef6786197b91ed942"
  integrity sha1-GX4izevUGYWF6GlO9nhhl7ke2UI=
  dependencies:
    inherits "~2.0.1"
    statuses "1"

iconv-lite@~0.4.13:
  version "0.4.24"
  resolved "https://registry.yarnpkg.com/iconv-lite/-/iconv-lite-0.4.24.tgz#2022b4b25fbddc21d2f524974a474aafe733908b"
  integrity sha512-v3MXnZAcvnywkTUEZomIActle7RXXeedOR31wwl7VlyoXO4Qi9arvSenNQWne1TcRwhCL1HwLI21bEqdpj8/rA==
  dependencies:
    safer-buffer ">= 2.1.2 < 3"

imurmurhash@^0.1.4:
  version "0.1.4"
  resolved "https://registry.yarnpkg.com/imurmurhash/-/imurmurhash-0.1.4.tgz#9218b9b2b928a238b13dc4fb6b6d576f231453ea"
  integrity sha1-khi5srkoojixPcT7a21XbyMUU+o=

indexof@0.0.1:
  version "0.0.1"
  resolved "https://registry.yarnpkg.com/indexof/-/indexof-0.0.1.tgz#82dc336d232b9062179d05ab3293a66059fd435d"
  integrity sha1-gtwzbSMrkGIXnQWrMpOmYFn9Q10=

inflight@^1.0.4:
  version "1.0.6"
  resolved "https://registry.yarnpkg.com/inflight/-/inflight-1.0.6.tgz#49bd6331d7d02d0c09bc910a1075ba8165b56df9"
  integrity sha1-Sb1jMdfQLQwJvJEKEHW6gWW1bfk=
  dependencies:
    once "^1.3.0"
    wrappy "1"

inherits@2, inherits@~2.0.0, inherits@~2.0.1, inherits@~2.0.3:
  version "2.0.3"
  resolved "https://registry.yarnpkg.com/inherits/-/inherits-2.0.3.tgz#633c2c83e3da42a502f52466022480f4208261de"
  integrity sha1-Yzwsg+PaQqUC9SRmAiSA9CCCYd4=

ipaddr.js@1.0.5:
  version "1.0.5"
  resolved "https://registry.yarnpkg.com/ipaddr.js/-/ipaddr.js-1.0.5.tgz#5fa78cf301b825c78abc3042d812723049ea23c7"
  integrity sha1-X6eM8wG4JceKvDBC2BJyMEnqI8c=

ipv6-normalize@^1.0.1:
  version "1.0.1"
  resolved "https://registry.yarnpkg.com/ipv6-normalize/-/ipv6-normalize-1.0.1.tgz#1b3258290d365fa83239e89907dde4592e7620a8"
  integrity sha1-GzJYKQ02X6gyOeiZB93kWS52IKg=

is-arrayish@^0.2.1:
  version "0.2.1"
  resolved "https://registry.yarnpkg.com/is-arrayish/-/is-arrayish-0.2.1.tgz#77c99840527aa8ecb1a8ba697b80645a7a926a9d"
  integrity sha1-d8mYQFJ6qOyxqLppe4BkWnqSap0=

is-plain-obj@^1.0.0:
  version "1.1.0"
  resolved "https://registry.yarnpkg.com/is-plain-obj/-/is-plain-obj-1.1.0.tgz#71a50c8429dfca773c92a390a4a03b39fcd51d3e"
  integrity sha1-caUMhCnfync8kqOQpKA7OfzVHT4=

isarray@0.0.1:
  version "0.0.1"
  resolved "https://registry.yarnpkg.com/isarray/-/isarray-0.0.1.tgz#8a18acfca9a8f4177e09abfc6038939b05d1eedf"
  integrity sha1-ihis/Kmo9Bd+Cav8YDiTmwXR7t8=

isarray@~1.0.0:
  version "1.0.0"
  resolved "https://registry.yarnpkg.com/isarray/-/isarray-1.0.0.tgz#bb935d48582cba168c06834957a54a3e07124f11"
  integrity sha1-u5NdSFgsuhaMBoNJV6VKPgcSTxE=

json-parse-better-errors@^1.0.1:
  version "1.0.2"
  resolved "https://registry.yarnpkg.com/json-parse-better-errors/-/json-parse-better-errors-1.0.2.tgz#bb867cfb3450e69107c131d1c514bab3dc8bcaa9"
  integrity sha512-mrqyZKfX5EhL7hvqcV6WG1yYjnjeuYDzDhhcAAUrq8Po85NBQBJP+ZDUT75qZQ98IkUoBqdkExkukOU7Ts2wrw==

json3@3.3.2:
  version "3.3.2"
  resolved "https://registry.yarnpkg.com/json3/-/json3-3.3.2.tgz#3c0434743df93e2f5c42aee7b19bcb483575f4e1"
  integrity sha1-PAQ0dD35Pi9cQq7nsZvLSDV19OE=

listenercount@~1.0.1:
  version "1.0.1"
  resolved "https://registry.yarnpkg.com/listenercount/-/listenercount-1.0.1.tgz#84c8a72ab59c4725321480c975e6508342e70937"
  integrity sha1-hMinKrWcRyUyFIDJdeZQg0LnCTc=

load-json-file@^5.2.0:
  version "5.2.0"
  resolved "https://registry.yarnpkg.com/load-json-file/-/load-json-file-5.2.0.tgz#1553627a18bf7b08cd7ec232d63981239085a578"
  integrity sha512-HvjIlM2Y/RDHk1X6i4sGgaMTrAsnNrgQCJtuf5PEhbOV6MCJuMVZLMdlJRE0JGLMkF7b6O5zs9LcDxKIUt9CbQ==
  dependencies:
    graceful-fs "^4.1.2"
    parse-json "^4.0.0"
    pify "^3.0.0"
    strip-bom "^3.0.0"

lodash@^4.17.11:
  version "4.17.11"
  resolved "https://registry.yarnpkg.com/lodash/-/lodash-4.17.11.tgz#b39ea6229ef607ecd89e2c8df12536891cac9b8d"
  integrity sha512-cQKh8igo5QUhZ7lg38DYWAxMvjSAKG0A8wGSVimP07SIUEK2UO+arSRKbRZWtelMtN5V0Hkwh5ryOto/SshYIg==

maildev@^1.0.0:
  version "1.0.0"
  resolved "https://registry.yarnpkg.com/maildev/-/maildev-1.0.0.tgz#90fc0dcbd1c2d0dda5ec0e0b31aff1de105015e5"
  integrity sha512-7vkKY0Kb29ApnQoI+D0uJO3seuGE43/bvoJOcmC6QFcIdtMU/VWPyjgLseVJyfuKfpaR5in/vmxpW8Je0tOMGA==
  dependencies:
    async "1.5.1"
    commander "2.9.0"
    express "4.13.4"
    mailparser "0.6.2"
    open "0.0.5"
    rimraf "^2.6.1"
    smtp-connection "2.3.1"
    smtp-server "1.16.1"
    socket.io "1.7.3"
    wildstring "1.0.8"

mailparser@0.6.2:
  version "0.6.2"
  resolved "https://registry.yarnpkg.com/mailparser/-/mailparser-0.6.2.tgz#03c486039bdf4df6cd3b6adcaaac4107dfdbc068"
  integrity sha1-A8SGA5vfTfbNO2rcqqxBB9/bwGg=
  dependencies:
    encoding "^0.1.12"
    mime "^1.3.4"
    mimelib "^0.3.0"
    uue "^3.1.0"

make-dir@^1.0.0:
  version "1.3.0"
  resolved "https://registry.yarnpkg.com/make-dir/-/make-dir-1.3.0.tgz#79c1033b80515bd6d24ec9933e860ca75ee27f0c"
  integrity sha512-2w31R7SJtieJJnQtGc7RVL2StM2vGYVfqUOvUDxH6bC6aJTxPxTF0GnIgCyu7tjockiUWAYQRbxa7vKn34s5sQ==
  dependencies:
    pify "^3.0.0"

media-typer@0.3.0:
  version "0.3.0"
  resolved "https://registry.yarnpkg.com/media-typer/-/media-typer-0.3.0.tgz#8710d7af0aa626f8fffa1ce00168545263255748"
  integrity sha1-hxDXrwqmJvj/+hzgAWhUUmMlV0g=

merge-descriptors@1.0.1:
  version "1.0.1"
  resolved "https://registry.yarnpkg.com/merge-descriptors/-/merge-descriptors-1.0.1.tgz#b00aaa556dd8b44568150ec9d1b953f3f90cbb61"
  integrity sha1-sAqqVW3YtEVoFQ7J0blT8/kMu2E=

methods@~1.1.2:
  version "1.1.2"
  resolved "https://registry.yarnpkg.com/methods/-/methods-1.1.2.tgz#5529a4d67654134edcc5266656835b0f851afcee"
  integrity sha1-VSmk1nZUE07cxSZmVoNbD4Ua/O4=

mime-db@~1.38.0:
  version "1.38.0"
  resolved "https://registry.yarnpkg.com/mime-db/-/mime-db-1.38.0.tgz#1a2aab16da9eb167b49c6e4df2d9c68d63d8e2ad"
  integrity sha512-bqVioMFFzc2awcdJZIzR3HjZFX20QhilVS7hytkKrv7xFAn8bM1gzc/FOX2awLISvWe0PV8ptFKcon+wZ5qYkg==

mime-types@~2.1.11, mime-types@~2.1.18, mime-types@~2.1.6:
  version "2.1.22"
  resolved "https://registry.yarnpkg.com/mime-types/-/mime-types-2.1.22.tgz#fe6b355a190926ab7698c9a0556a11199b2199bd"
  integrity sha512-aGl6TZGnhm/li6F7yx82bJiBZwgiEa4Hf6CNr8YO+r5UHr53tSTYZb102zyU50DOWWKeOv0uQLRL0/9EiKWCog==
  dependencies:
    mime-db "~1.38.0"

mime@1.3.4:
  version "1.3.4"
  resolved "https://registry.yarnpkg.com/mime/-/mime-1.3.4.tgz#115f9e3b6b3daf2959983cb38f149a2d40eb5d53"
  integrity sha1-EV+eO2s9rylZmDyzjxSaLUDrXVM=

mime@^1.3.4:
  version "1.6.0"
  resolved "https://registry.yarnpkg.com/mime/-/mime-1.6.0.tgz#32cd9e5c64553bd58d19a568af452acff04981b1"
  integrity sha512-x0Vn8spI+wuJ1O6S7gnbaQg8Pxh4NNHb7KSINmEWKiPE4RKOplvijn+NkmYmmRgP68mc70j2EbeTFRsrswaQeg==

mimelib@^0.3.0:
  version "0.3.1"
  resolved "https://registry.yarnpkg.com/mimelib/-/mimelib-0.3.1.tgz#787add2415d827acb3af6ec4bca1ea9596418853"
  integrity sha1-eHrdJBXYJ6yzr27EvKHqlZZBiFM=
  dependencies:
    addressparser "~1.0.1"
    encoding "~0.1.12"

minimatch@^3.0.4:
  version "3.0.4"
  resolved "https://registry.yarnpkg.com/minimatch/-/minimatch-3.0.4.tgz#5166e286457f03306064be5497e8dbb0c3d32083"
  integrity sha512-yJHVQEhyqPLUTgt9B83PXu6W3rx4MvvHvSUvToogpwoGDOUQ+yDrR0HRot+yOCdCO7u4hX3pWft6kWBBcqh0UA==
  dependencies:
    brace-expansion "^1.1.7"

minimist@0.0.8:
  version "0.0.8"
  resolved "https://registry.yarnpkg.com/minimist/-/minimist-0.0.8.tgz#857fcabfc3397d2625b8228262e86aa7a011b05d"
  integrity sha1-hX/Kv8M5fSYluCKCYuhqp6ARsF0=

"mkdirp@>=0.5 0":
  version "0.5.1"
  resolved "https://registry.yarnpkg.com/mkdirp/-/mkdirp-0.5.1.tgz#30057438eac6cf7f8c4767f38648d6697d75c903"
  integrity sha1-MAV0OOrGz3+MR2fzhkjWaX11yQM=
  dependencies:
    minimist "0.0.8"

moment@^2.24.0:
  version "2.24.0"
  resolved "https://registry.yarnpkg.com/moment/-/moment-2.24.0.tgz#0d055d53f5052aa653c9f6eb68bb5d12bf5c2b5b"
  integrity sha512-bV7f+6l2QigeBBZSM/6yTNq4P2fNpSWj/0e7jQcy87A8e7o2nAfP/34/2ky5Vw4B9S446EtIhodAzkFCcR4dQg==

ms@0.7.1:
  version "0.7.1"
  resolved "https://registry.yarnpkg.com/ms/-/ms-0.7.1.tgz#9cd13c03adbff25b65effde7ce864ee952017098"
  integrity sha1-nNE8A62/8ltl7/3nzoZO6VIBcJg=

ms@0.7.2:
  version "0.7.2"
  resolved "https://registry.yarnpkg.com/ms/-/ms-0.7.2.tgz#ae25cf2512b3885a1d95d7f037868d8431124765"
  integrity sha1-riXPJRKziFodldfwN4aNhDESR2U=

ms@2.1.2:
  version "2.1.2"
  resolved "https://registry.yarnpkg.com/ms/-/ms-2.1.2.tgz#d09d1f357b443f493382a8eb3ccd183872ae6009"
  integrity sha512-sGkPx+VjMtmA6MX27oA4FBFELFCZZ4S4XqeGOXCv68tT+jb3vk/RyaKWP0PTKyWtmLSM0b+adUTEvbs1PEaH2w==

negotiator@0.5.3:
  version "0.5.3"
  resolved "https://registry.yarnpkg.com/negotiator/-/negotiator-0.5.3.tgz#269d5c476810ec92edbe7b6c2f28316384f9a7e8"
  integrity sha1-Jp1cR2gQ7JLtvntsLygxY4T5p+g=

negotiator@0.6.1:
  version "0.6.1"
  resolved "https://registry.yarnpkg.com/negotiator/-/negotiator-0.6.1.tgz#2b327184e8992101177b28563fb5e7102acd0ca9"
  integrity sha1-KzJxhOiZIQEXeyhWP7XnECrNDKk=

nodemailer-fetch@1.3.0:
  version "1.3.0"
  resolved "https://registry.yarnpkg.com/nodemailer-fetch/-/nodemailer-fetch-1.3.0.tgz#9f37f6a5b80c1cb5d697ca2bfbde41a6582a50b0"
  integrity sha1-nzf2pbgMHLXWl8or+95BplgqULA=

nodemailer-fetch@1.6.0:
  version "1.6.0"
  resolved "https://registry.yarnpkg.com/nodemailer-fetch/-/nodemailer-fetch-1.6.0.tgz#79c4908a1c0f5f375b73fe888da9828f6dc963a4"
  integrity sha1-ecSQihwPXzdbc/6IjamCj23JY6Q=

nodemailer-shared@1.0.4:
  version "1.0.4"
  resolved "https://registry.yarnpkg.com/nodemailer-shared/-/nodemailer-shared-1.0.4.tgz#8b5c5c35bfb29a47dda7d38303f3a4fb47ba38ae"
  integrity sha1-i1xcNb+ymkfdp9ODA/Ok+0e6OK4=
  dependencies:
    nodemailer-fetch "1.3.0"

nodemailer-shared@^1.1.0:
  version "1.1.0"
  resolved "https://registry.yarnpkg.com/nodemailer-shared/-/nodemailer-shared-1.1.0.tgz#cf5994e2fd268d00f5cf0fa767a08169edb07ec0"
  integrity sha1-z1mU4v0mjQD1zw+nZ6CBae2wfsA=
  dependencies:
    nodemailer-fetch "1.6.0"

object-assign@4.1.0:
  version "4.1.0"
  resolved "https://registry.yarnpkg.com/object-assign/-/object-assign-4.1.0.tgz#7a3b3d0e98063d43f4c03f2e8ae6cd51a86883a0"
  integrity sha1-ejs9DpgGPUP0wD8uiubNUahog6A=

object-component@0.0.3:
  version "0.0.3"
  resolved "https://registry.yarnpkg.com/object-component/-/object-component-0.0.3.tgz#f0c69aa50efc95b866c186f400a33769cb2f1291"
  integrity sha1-8MaapQ78lbhmwYb0AKM3acsvEpE=

on-finished@~2.3.0:
  version "2.3.0"
  resolved "https://registry.yarnpkg.com/on-finished/-/on-finished-2.3.0.tgz#20f1336481b083cd75337992a16971aa2d906947"
  integrity sha1-IPEzZIGwg811M3mSoWlxqi2QaUc=
  dependencies:
    ee-first "1.1.1"

once@^1.3.0:
  version "1.4.0"
  resolved "https://registry.yarnpkg.com/once/-/once-1.4.0.tgz#583b1aa775961d4b113ac17d9c50baef9dd76bd1"
  integrity sha1-WDsap3WWHUsROsF9nFC6753Xa9E=
  dependencies:
    wrappy "1"

open@0.0.5:
  version "0.0.5"
  resolved "https://registry.yarnpkg.com/open/-/open-0.0.5.tgz#42c3e18ec95466b6bf0dc42f3a2945c3f0cad8fc"
  integrity sha1-QsPhjslUZra/DcQvOilFw/DK2Pw=

options@>=0.0.5:
  version "0.0.6"
  resolved "https://registry.yarnpkg.com/options/-/options-0.0.6.tgz#ec22d312806bb53e731773e7cdaefcf1c643128f"
  integrity sha1-7CLTEoBrtT5zF3Pnza788cZDEo8=

parse-json@^4.0.0:
  version "4.0.0"
  resolved "https://registry.yarnpkg.com/parse-json/-/parse-json-4.0.0.tgz#be35f5425be1f7f6c747184f98a788cb99477ee0"
  integrity sha1-vjX1Qlvh9/bHRxhPmKeIy5lHfuA=
  dependencies:
    error-ex "^1.3.1"
    json-parse-better-errors "^1.0.1"

parsejson@0.0.3:
  version "0.0.3"
  resolved "https://registry.yarnpkg.com/parsejson/-/parsejson-0.0.3.tgz#ab7e3759f209ece99437973f7d0f1f64ae0e64ab"
  integrity sha1-q343WfIJ7OmUN5c/fQ8fZK4OZKs=
  dependencies:
    better-assert "~1.0.0"

parseqs@0.0.5:
  version "0.0.5"
  resolved "https://registry.yarnpkg.com/parseqs/-/parseqs-0.0.5.tgz#d5208a3738e46766e291ba2ea173684921a8b89d"
  integrity sha1-1SCKNzjkZ2bikbouoXNoSSGouJ0=
  dependencies:
    better-assert "~1.0.0"

parseuri@0.0.5:
  version "0.0.5"
  resolved "https://registry.yarnpkg.com/parseuri/-/parseuri-0.0.5.tgz#80204a50d4dbb779bfdc6ebe2778d90e4bce320a"
  integrity sha1-gCBKUNTbt3m/3G6+J3jZDkvOMgo=
  dependencies:
    better-assert "~1.0.0"

parseurl@~1.3.1:
  version "1.3.2"
  resolved "https://registry.yarnpkg.com/parseurl/-/parseurl-1.3.2.tgz#fc289d4ed8993119460c156253262cdc8de65bf3"
  integrity sha1-/CidTtiZMRlGDBViUyYs3I3mW/M=

path-is-absolute@^1.0.0:
  version "1.0.1"
  resolved "https://registry.yarnpkg.com/path-is-absolute/-/path-is-absolute-1.0.1.tgz#174b9268735534ffbc7ace6bf53a5a9e1b5c5f5f"
  integrity sha1-F0uSaHNVNP+8es5r9TpanhtcX18=

path-to-regexp@0.1.7:
  version "0.1.7"
  resolved "https://registry.yarnpkg.com/path-to-regexp/-/path-to-regexp-0.1.7.tgz#df604178005f522f15eb4490e7247a1bfaa67f8c"
  integrity sha1-32BBeABfUi8V60SQ5yR6G/qmf4w=

pify@^3.0.0:
  version "3.0.0"
  resolved "https://registry.yarnpkg.com/pify/-/pify-3.0.0.tgz#e5a4acd2c101fdf3d9a4d07f0dbc4db49dd28176"
  integrity sha1-5aSs0sEB/fPZpNB/DbxNtJ3SgXY=

pify@^4.0.0:
  version "4.0.1"
  resolved "https://registry.yarnpkg.com/pify/-/pify-4.0.1.tgz#4b2cd25c50d598735c50292224fd8c6df41e3231"
  integrity sha512-uB80kBFb/tfd68bVleG9T5GGsGPjJrLAUpR5PZIrhBnIaRTQRjqdJSsIKkOP6OAIFbj7GOrcudc5pNjZ+geV2g==

process-nextick-args@~2.0.0:
  version "2.0.0"
  resolved "https://registry.yarnpkg.com/process-nextick-args/-/process-nextick-args-2.0.0.tgz#a37d732f4271b4ab1ad070d35508e8290788ffaa"
  integrity sha512-MtEC1TqN0EU5nephaJ4rAtThHtC86dNN9qCuEhtshvpVBkAW5ZO7BASN9REnF9eoXGcRub+pFuKEpOHE+HbEMw==

proxy-addr@~1.0.10:
  version "1.0.10"
  resolved "https://registry.yarnpkg.com/proxy-addr/-/proxy-addr-1.0.10.tgz#0d40a82f801fc355567d2ecb65efe3f077f121c5"
  integrity sha1-DUCoL4Afw1VWfS7LZe/j8HfxIcU=
  dependencies:
    forwarded "~0.1.0"
    ipaddr.js "1.0.5"

qs@4.0.0:
  version "4.0.0"
  resolved "https://registry.yarnpkg.com/qs/-/qs-4.0.0.tgz#c31d9b74ec27df75e543a86c78728ed8d4623607"
  integrity sha1-wx2bdOwn33XlQ6hseHKO2NRiNgc=

range-parser@~1.0.3:
  version "1.0.3"
  resolved "https://registry.yarnpkg.com/range-parser/-/range-parser-1.0.3.tgz#6872823535c692e2c2a0103826afd82c2e0ff175"
  integrity sha1-aHKCNTXGkuLCoBA4Jq/YLC4P8XU=

readable-stream@^2.0.2, readable-stream@~2.3.6:
  version "2.3.6"
  resolved "https://registry.yarnpkg.com/readable-stream/-/readable-stream-2.3.6.tgz#b11c27d88b8ff1fbe070643cf94b0c79ae1b0aaf"
  integrity sha512-tQtKA9WIAhBF3+VLAseyMqZeBjW0AHJoxOtYqSUZNJxauErmLbVm2FW1y+J/YA9dUrAC39ITejlZWhVIwawkKw==
  dependencies:
    core-util-is "~1.0.0"
    inherits "~2.0.3"
    isarray "~1.0.0"
    process-nextick-args "~2.0.0"
    safe-buffer "~5.1.1"
    string_decoder "~1.1.1"
    util-deprecate "~1.0.1"

rimraf@2, rimraf@^2.6.1, rimraf@^2.6.3:
  version "2.6.3"
  resolved "https://registry.yarnpkg.com/rimraf/-/rimraf-2.6.3.tgz#b2d104fe0d8fb27cf9e0a1cda8262dd3833c6cab"
  integrity sha512-mwqeW5XsA2qAejG46gYdENaxXjx9onRNCfn7L0duuP4hCuTIi/QO7PDK07KJfp1d+izWPrzEJDcSqBa0OZQriA==
  dependencies:
    glob "^7.1.3"

safe-buffer@~5.1.0, safe-buffer@~5.1.1:
  version "5.1.2"
  resolved "https://registry.yarnpkg.com/safe-buffer/-/safe-buffer-5.1.2.tgz#991ec69d296e0313747d59bdfd2b745c35f8828d"
  integrity sha512-Gd2UZBJDkXlY7GbJxfsE8/nvKkUEU1G38c1siN6QP6a9PT9MmHB8GnpscSmMJSoF8LOIrt8ud/wPtojys4G6+g==

"safer-buffer@>= 2.1.2 < 3":
  version "2.1.2"
  resolved "https://registry.yarnpkg.com/safer-buffer/-/safer-buffer-2.1.2.tgz#44fa161b0187b9549dd84bb91802f9bd8385cd6a"
  integrity sha512-YZo3K82SD7Riyi0E1EQPojLz7kpepnSQI9IyPbHHg1XXXevb5dJI7tpyN2ADxGcQbHG7vcyRHk0cbwqcQriUtg==

send@0.13.1:
  version "0.13.1"
  resolved "https://registry.yarnpkg.com/send/-/send-0.13.1.tgz#a30d5f4c82c8a9bae9ad00a1d9b1bdbe6f199ed7"
  integrity sha1-ow1fTILIqbrprQCh2bG9vm8Zntc=
  dependencies:
    debug "~2.2.0"
    depd "~1.1.0"
    destroy "~1.0.4"
    escape-html "~1.0.3"
    etag "~1.7.0"
    fresh "0.3.0"
    http-errors "~1.3.1"
    mime "1.3.4"
    ms "0.7.1"
    on-finished "~2.3.0"
    range-parser "~1.0.3"
    statuses "~1.2.1"

send@0.13.2:
  version "0.13.2"
  resolved "https://registry.yarnpkg.com/send/-/send-0.13.2.tgz#765e7607c8055452bba6f0b052595350986036de"
  integrity sha1-dl52B8gFVFK7pvCwUllTUJhgNt4=
  dependencies:
    debug "~2.2.0"
    depd "~1.1.0"
    destroy "~1.0.4"
    escape-html "~1.0.3"
    etag "~1.7.0"
    fresh "0.3.0"
    http-errors "~1.3.1"
    mime "1.3.4"
    ms "0.7.1"
    on-finished "~2.3.0"
    range-parser "~1.0.3"
    statuses "~1.2.1"

serve-static@~1.10.2:
  version "1.10.3"
  resolved "https://registry.yarnpkg.com/serve-static/-/serve-static-1.10.3.tgz#ce5a6ecd3101fed5ec09827dac22a9c29bfb0535"
  integrity sha1-zlpuzTEB/tXsCYJ9rCKpwpv7BTU=
  dependencies:
    escape-html "~1.0.3"
    parseurl "~1.3.1"
    send "0.13.2"

setimmediate@~1.0.4:
  version "1.0.5"
  resolved "https://registry.yarnpkg.com/setimmediate/-/setimmediate-1.0.5.tgz#290cbb232e306942d7d7ea9b83732ab7856f8285"
  integrity sha1-KQy7Iy4waULX1+qbg3Mqt4VvgoU=

signal-exit@^3.0.2:
  version "3.0.2"
  resolved "https://registry.yarnpkg.com/signal-exit/-/signal-exit-3.0.2.tgz#b5fdc08f1287ea1178628e415e25132b73646c6d"
  integrity sha1-tf3AjxKH6hF4Yo5BXiUTK3NkbG0=

simple-git@^3.3.0:
  version "3.3.0"
  resolved "https://registry.yarnpkg.com/simple-git/-/simple-git-3.3.0.tgz#91692d576f851be691124781b79872b246d2f92c"
  integrity sha512-K9qcbbZwPHhk7MLi0k0ekvSFXJIrRoXgHhqMXAFM75qS68vdHTcuzmul1ilKI02F/4lXshVgBoDll2t++JK0PQ==
  dependencies:
    "@kwsites/file-exists" "^1.1.1"
    "@kwsites/promise-deferred" "^1.1.1"
    debug "^4.3.3"

smtp-connection@2.3.1:
  version "2.3.1"
  resolved "https://registry.yarnpkg.com/smtp-connection/-/smtp-connection-2.3.1.tgz#d169c8f1c9a73854134cdabe6fb818237dfc4fba"
  integrity sha1-0WnI8cmnOFQTTNq+b7gYI338T7o=
  dependencies:
    nodemailer-shared "1.0.4"

smtp-server@1.16.1:
  version "1.16.1"
  resolved "https://registry.yarnpkg.com/smtp-server/-/smtp-server-1.16.1.tgz#91d2dbd5e8bb9ed395b1a1774e8b60dd7b24e453"
  integrity sha1-kdLb1ei7ntOVsaF3Totg3Xsk5FM=
  dependencies:
    ipv6-normalize "^1.0.1"
    nodemailer-shared "^1.1.0"

socket.io-adapter@0.5.0:
  version "0.5.0"
  resolved "https://registry.yarnpkg.com/socket.io-adapter/-/socket.io-adapter-0.5.0.tgz#cb6d4bb8bec81e1078b99677f9ced0046066bb8b"
  integrity sha1-y21LuL7IHhB4uZZ3+c7QBGBmu4s=
  dependencies:
    debug "2.3.3"
    socket.io-parser "2.3.1"

socket.io-client@1.7.3:
  version "1.7.3"
  resolved "https://registry.yarnpkg.com/socket.io-client/-/socket.io-client-1.7.3.tgz#b30e86aa10d5ef3546601c09cde4765e381da377"
  integrity sha1-sw6GqhDV7zVGYBwJzeR2Xjgdo3c=
  dependencies:
    backo2 "1.0.2"
    component-bind "1.0.0"
    component-emitter "1.2.1"
    debug "2.3.3"
    engine.io-client "1.8.3"
    has-binary "0.1.7"
    indexof "0.0.1"
    object-component "0.0.3"
    parseuri "0.0.5"
    socket.io-parser "2.3.1"
    to-array "0.1.4"

socket.io-parser@2.3.1:
  version "2.3.1"
  resolved "https://registry.yarnpkg.com/socket.io-parser/-/socket.io-parser-2.3.1.tgz#dd532025103ce429697326befd64005fcfe5b4a0"
  integrity sha1-3VMgJRA85Clpcya+/WQAX8/ltKA=
  dependencies:
    component-emitter "1.1.2"
    debug "2.2.0"
    isarray "0.0.1"
    json3 "3.3.2"

socket.io@1.7.3:
  version "1.7.3"
  resolved "https://registry.yarnpkg.com/socket.io/-/socket.io-1.7.3.tgz#b8af9caba00949e568e369f1327ea9be9ea2461b"
  integrity sha1-uK+cq6AJSeVo42nxMn6pvp6iRhs=
  dependencies:
    debug "2.3.3"
    engine.io "1.8.3"
    has-binary "0.1.7"
    object-assign "4.1.0"
    socket.io-adapter "0.5.0"
    socket.io-client "1.7.3"
    socket.io-parser "2.3.1"

sort-keys@^2.0.0:
  version "2.0.0"
  resolved "https://registry.yarnpkg.com/sort-keys/-/sort-keys-2.0.0.tgz#658535584861ec97d730d6cf41822e1f56684128"
  integrity sha1-ZYU1WEhh7JfXMNbPQYIuH1ZoQSg=
  dependencies:
    is-plain-obj "^1.0.0"

statuses@1:
  version "1.5.0"
  resolved "https://registry.yarnpkg.com/statuses/-/statuses-1.5.0.tgz#161c7dac177659fd9811f43771fa99381478628c"
  integrity sha1-Fhx9rBd2Wf2YEfQ3cfqZOBR4Yow=

statuses@~1.2.1:
  version "1.2.1"
  resolved "https://registry.yarnpkg.com/statuses/-/statuses-1.2.1.tgz#dded45cc18256d51ed40aec142489d5c61026d28"
  integrity sha1-3e1FzBglbVHtQK7BQkidXGECbSg=

string-hash@^1.1.3:
  version "1.1.3"
  resolved "https://registry.yarnpkg.com/string-hash/-/string-hash-1.1.3.tgz#e8aafc0ac1855b4666929ed7dd1275df5d6c811b"
  integrity sha1-6Kr8CsGFW0Zmkp7X3RJ1311sgRs=

string_decoder@~1.1.1:
  version "1.1.1"
  resolved "https://registry.yarnpkg.com/string_decoder/-/string_decoder-1.1.1.tgz#9cf1611ba62685d7030ae9e4ba34149c3af03fc8"
  integrity sha512-n/ShnvDi6FHbbVfviro+WojiFzv+s8MPMHBczVePfUpDJLwoLT0ht1l4YwBCbi8pJAveEEdnkHyPyTP/mzRfwg==
  dependencies:
    safe-buffer "~5.1.0"

strip-bom@^3.0.0:
  version "3.0.0"
  resolved "https://registry.yarnpkg.com/strip-bom/-/strip-bom-3.0.0.tgz#2334c18e9c759f7bdd56fdef7e9ae3d588e68ed3"
  integrity sha1-IzTBjpx1n3vdVv3vfprj1YjmjtM=

tmp@^0.1.0:
  version "0.1.0"
  resolved "https://registry.yarnpkg.com/tmp/-/tmp-0.1.0.tgz#ee434a4e22543082e294ba6201dcc6eafefa2877"
  integrity sha512-J7Z2K08jbGcdA1kkQpJSqLF6T0tdQqpR2pnSUXsIchbPdTI9v3e85cLW0d6WDhwuAleOV71j2xWs8qMPfK7nKw==
  dependencies:
    rimraf "^2.6.3"

to-array@0.1.4:
  version "0.1.4"
  resolved "https://registry.yarnpkg.com/to-array/-/to-array-0.1.4.tgz#17e6c11f73dd4f3d74cda7a4ff3238e9ad9bf890"
  integrity sha1-F+bBH3PdTz10zaek/zI46a2b+JA=

"traverse@>=0.3.0 <0.4":
  version "0.3.9"
  resolved "https://registry.yarnpkg.com/traverse/-/traverse-0.3.9.tgz#717b8f220cc0bb7b44e40514c22b2e8bbc70d8b9"
  integrity sha1-cXuPIgzAu3tE5AUUwisui7xw2Lk=

type-is@~1.6.6:
  version "1.6.16"
  resolved "https://registry.yarnpkg.com/type-is/-/type-is-1.6.16.tgz#f89ce341541c672b25ee7ae3c73dee3b2be50194"
  integrity sha512-HRkVv/5qY2G6I8iab9cI7v1bOIdhm94dVjQCPFElW9W+3GeDOSHmy2EBYe4VTApuzolPcmgFTN3ftVJRKR2J9Q==
  dependencies:
    media-typer "0.3.0"
    mime-types "~2.1.18"

ultron@1.0.x:
  version "1.0.2"
  resolved "https://registry.yarnpkg.com/ultron/-/ultron-1.0.2.tgz#ace116ab557cd197386a4e88f4685378c8b2e4fa"
  integrity sha1-rOEWq1V80Zc4ak6I9GhTeMiy5Po=

unpipe@~1.0.0:
  version "1.0.0"
  resolved "https://registry.yarnpkg.com/unpipe/-/unpipe-1.0.0.tgz#b2bf4ee8514aae6165b4817829d21b2ef49904ec"
  integrity sha1-sr9O6FFKrmFltIF4KdIbLvSZBOw=

unzipper@^0.9.11:
  version "0.9.11"
  resolved "https://registry.yarnpkg.com/unzipper/-/unzipper-0.9.11.tgz#9577d9b85e5974abd6e23a30dbc9dc187940fc47"
  integrity sha512-G0z5zv8LYv4/XwpOiXgTGTcN4jyxgyg3P1DfdIeCN2QGOd6ZBl49BSbOe9JsIEvKh3tG7/b0bdJvz+UmwA+BRg==
  dependencies:
    big-integer "^1.6.17"
    binary "~0.3.0"
    bluebird "~3.4.1"
    buffer-indexof-polyfill "~1.0.0"
    duplexer2 "~0.1.4"
    fstream "~1.0.10"
    listenercount "~1.0.1"
    readable-stream "~2.3.6"
    setimmediate "~1.0.4"

util-deprecate@~1.0.1:
  version "1.0.2"
  resolved "https://registry.yarnpkg.com/util-deprecate/-/util-deprecate-1.0.2.tgz#450d4dc9fa70de732762fbd2d4a28981419a0ccf"
  integrity sha1-RQ1Nyfpw3nMnYvvS1KKJgUGaDM8=

utils-merge@1.0.0:
  version "1.0.0"
  resolved "https://registry.yarnpkg.com/utils-merge/-/utils-merge-1.0.0.tgz#0294fb922bb9375153541c4f7096231f287c8af8"
  integrity sha1-ApT7kiu5N1FTVBxPcJYjHyh8ivg=

uue@^3.1.0:
  version "3.1.2"
  resolved "https://registry.yarnpkg.com/uue/-/uue-3.1.2.tgz#e99368414e87200012eb37de4dbaebaa1c742ad2"
  integrity sha512-axKLXVqwtdI/czrjG0X8hyV1KLgeWx8F4KvSbvVCnS+RUvsQMGRjx0kfuZDXXqj0LYvVJmx3B9kWlKtEdRrJLg==
  dependencies:
    escape-string-regexp "~1.0.5"
    extend "~3.0.0"

vary@~1.0.1:
  version "1.0.1"
  resolved "https://registry.yarnpkg.com/vary/-/vary-1.0.1.tgz#99e4981566a286118dfb2b817357df7993376d10"
  integrity sha1-meSYFWaihhGN+yuBc1ffeZM3bRA=

wildstring@1.0.8:
  version "1.0.8"
  resolved "https://registry.yarnpkg.com/wildstring/-/wildstring-1.0.8.tgz#80b5f85b7f8aa98bc19cc230e60ac7f5e0dd226d"
  integrity sha1-gLX4W3+KqYvBnMIw5grH9eDdIm0=

wrappy@1:
  version "1.0.2"
  resolved "https://registry.yarnpkg.com/wrappy/-/wrappy-1.0.2.tgz#b5243d8f3ec1aa35f1364605bc0d1036e30ab69f"
  integrity sha1-tSQ9jz7BqjXxNkYFvA0QNuMKtp8=

write-file-atomic@^2.0.0:
  version "2.4.2"
  resolved "https://registry.yarnpkg.com/write-file-atomic/-/write-file-atomic-2.4.2.tgz#a7181706dfba17855d221140a9c06e15fcdd87b9"
  integrity sha512-s0b6vB3xIVRLWywa6X9TOMA7k9zio0TMOsl9ZnDkliA/cfJlpHXAscj0gbHVJiTdIuAYpIyqS5GW91fqm6gG5g==
  dependencies:
    graceful-fs "^4.1.11"
    imurmurhash "^0.1.4"
    signal-exit "^3.0.2"

write-json-file@^3.1.0:
  version "3.1.0"
  resolved "https://registry.yarnpkg.com/write-json-file/-/write-json-file-3.1.0.tgz#4f1d95a37d1348acd1f5a741e060261036b40b24"
  integrity sha512-37tm31CeWsTKZtM6UZYcxNBv/Vs1ta4oTm5h3bxiNkIxwU7KxXgSb4OL/g8M/XAEJL4dIi2muYSRzeJOWCqBZw==
  dependencies:
    detect-indent "^5.0.0"
    graceful-fs "^4.1.2"
    make-dir "^1.0.0"
    pify "^4.0.0"
    sort-keys "^2.0.0"
    write-file-atomic "^2.0.0"

ws@1.1.2:
  version "1.1.2"
  resolved "https://registry.yarnpkg.com/ws/-/ws-1.1.2.tgz#8a244fa052401e08c9886cf44a85189e1fd4067f"
  integrity sha1-iiRPoFJAHgjJiGz0SoUYnh/UBn8=
  dependencies:
    options ">=0.0.5"
    ultron "1.0.x"

wtf-8@1.0.0:
  version "1.0.0"
  resolved "https://registry.yarnpkg.com/wtf-8/-/wtf-8-1.0.0.tgz#392d8ba2d0f1c34d1ee2d630f15d0efb68e1048a"
  integrity sha1-OS2LotDxw00e4tYw8V0O+2jhBIo=

xmlhttprequest-ssl@1.5.3:
  version "1.5.3"
  resolved "https://registry.yarnpkg.com/xmlhttprequest-ssl/-/xmlhttprequest-ssl-1.5.3.tgz#185a888c04eca46c3e4070d99f7b49de3528992d"
  integrity sha1-GFqIjATspGw+QHDZn3tJ3jUomS0=

yeast@0.1.2:
  version "0.1.2"
  resolved "https://registry.yarnpkg.com/yeast/-/yeast-0.1.2.tgz#008e06d8094320c372dbc2f8ed76a0ca6c8ac419"
  integrity sha1-AI4G2AlDIMNy28L47XagymyKxBk=

zlib@^1.0.5:
  version "1.0.5"
  resolved "https://registry.yarnpkg.com/zlib/-/zlib-1.0.5.tgz#6e7c972fc371c645a6afb03ab14769def114fcc0"
  integrity sha1-bnyXL8NxxkWmr7A6sUdp3vEU/MA=
